{
  "name": "autominer",
  "version": "1.0.0",
  "lockfileVersion": 1,
  "requires": true,
  "dependencies": {
    "gpu-info": {
      "version": "0.0.1",
      "resolved": "https://registry.npmjs.org/gpu-info/-/gpu-info-0.0.1.tgz",
      "integrity": "sha1-UnVBBHuLFscWXt5HOkmdP/FnhME=",
      "requires": {
        "pegjs": "0.10.0"
      }
    },
    "pegjs": {
      "version": "0.10.0",
      "resolved": "https://registry.npmjs.org/pegjs/-/pegjs-0.10.0.tgz",
      "integrity": "sha1-z4uvrm7d/0tafvsYUmnqr0YQ3b0="
    }
  }
}
